// !$*UTF8*$!
{
	archiveVersion = 1;
	classes = {
	};
	objectVersion = 46;
	objects = {

/* Begin PBXBuildFile section */
		F523A33B1F55B6650047DC91 /* libCollections.dylib in Frameworks */ = {isa = PBXBuildFile; fileRef = F523A33A1F55B6650047DC91 /* libCollections.dylib */; };
		F5767CAB1F545E8300CD291C /* tcpSendData.c in Sources */ = {isa = PBXBuildFile; fileRef = F5767CA91F545E8300CD291C /* tcpSendData.c */; };
		F5767CAC1F545E8300CD291C /* tcpSendData.h in Headers */ = {isa = PBXBuildFile; fileRef = F5767CAA1F545E8300CD291C /* tcpSendData.h */; };
		F5B3AE6E1F2B60F00007CB60 /* mymatrix.c in Sources */ = {isa = PBXBuildFile; fileRef = F5B3AE6D1F2B60F00007CB60 /* mymatrix.c */; };
		F5B3AE701F2B63620007CB60 /* max.mymatrix.c in Sources */ = {isa = PBXBuildFile; fileRef = F5B3AE6F1F2B63620007CB60 /* max.mymatrix.c */; };
		F5C856631F4D7328001AED9B /* ApplicationServices.framework in Frameworks */ = {isa = PBXBuildFile; fileRef = F5C856621F4D7328001AED9B /* ApplicationServices.framework */; };
		F5C8567F1F4EE09A001AED9B /* gsUtil.c in Sources */ = {isa = PBXBuildFile; fileRef = F5C8567D1F4EE09A001AED9B /* gsUtil.c */; };
		F5C856801F4EE09A001AED9B /* gsUtil.h in Headers */ = {isa = PBXBuildFile; fileRef = F5C8567E1F4EE09A001AED9B /* gsUtil.h */; };
		F5C856821F4EE1E9001AED9B /* GStreamer.framework in Frameworks */ = {isa = PBXBuildFile; fileRef = F5C856811F4EE1E9001AED9B /* GStreamer.framework */; };
/* End PBXBuildFile section */

/* Begin PBXFileReference section */
		22CF10220EE984600054F513 /* maxmspsdk.xcconfig */ = {isa = PBXFileReference; fileEncoding = 4; lastKnownFileType = text.xcconfig; name = maxmspsdk.xcconfig; path = ../../maxmspsdk.xcconfig; sourceTree = SOURCE_ROOT; };
		2FBBEAE508F335360078DB84 /* jit.mymatrix.mxo */ = {isa = PBXFileReference; explicitFileType = wrapper.cfbundle; includeInIndex = 0; path = jit.mymatrix.mxo; sourceTree = BUILT_PRODUCTS_DIR; };
		F523A33A1F55B6650047DC91 /* libCollections.dylib */ = {isa = PBXFileReference; lastKnownFileType = "compiled.mach-o.dylib"; name = libCollections.dylib; path = ../../../../../../../LiveLing/Utilities/build/Debug/libCollections.dylib; sourceTree = "<group>"; };
		F5767CA91F545E8300CD291C /* tcpSendData.c */ = {isa = PBXFileReference; fileEncoding = 4; lastKnownFileType = sourcecode.c.c; path = tcpSendData.c; sourceTree = "<group>"; };
		F5767CAA1F545E8300CD291C /* tcpSendData.h */ = {isa = PBXFileReference; fileEncoding = 4; lastKnownFileType = sourcecode.c.h; path = tcpSendData.h; sourceTree = "<group>"; };
		F5B3AE6D1F2B60F00007CB60 /* mymatrix.c */ = {isa = PBXFileReference; fileEncoding = 4; lastKnownFileType = sourcecode.c.c; path = mymatrix.c; sourceTree = "<group>"; };
		F5B3AE6F1F2B63620007CB60 /* max.mymatrix.c */ = {isa = PBXFileReference; fileEncoding = 4; lastKnownFileType = sourcecode.c.c; path = max.mymatrix.c; sourceTree = "<group>"; };
		F5C856511F4D62F6001AED9B /* libGraphics.dylib */ = {isa = PBXFileReference; lastKnownFileType = "compiled.mach-o.dylib"; name = libGraphics.dylib; path = ../../../../../../../LiveLing/Utilities/build/Debug/libGraphics.dylib; sourceTree = "<group>"; };
		F5C856621F4D7328001AED9B /* ApplicationServices.framework */ = {isa = PBXFileReference; lastKnownFileType = wrapper.framework; name = ApplicationServices.framework; path = System/Library/Frameworks/ApplicationServices.framework; sourceTree = SDKROOT; };
		F5C8567D1F4EE09A001AED9B /* gsUtil.c */ = {isa = PBXFileReference; fileEncoding = 4; lastKnownFileType = sourcecode.c.c; path = gsUtil.c; sourceTree = "<group>"; };
		F5C8567E1F4EE09A001AED9B /* gsUtil.h */ = {isa = PBXFileReference; fileEncoding = 4; lastKnownFileType = sourcecode.c.h; path = gsUtil.h; sourceTree = "<group>"; };
		F5C856811F4EE1E9001AED9B /* GStreamer.framework */ = {isa = PBXFileReference; lastKnownFileType = wrapper.framework; name = GStreamer.framework; path = ../../../../../../../../../Library/Frameworks/GStreamer.framework; sourceTree = "<group>"; };
/* End PBXFileReference section */

/* Begin PBXFrameworksBuildPhase section */
		2FBBEADC08F335360078DB84 /* Frameworks */ = {
			isa = PBXFrameworksBuildPhase;
			buildActionMask = 2147483647;
			files = (
				F523A33B1F55B6650047DC91 /* libCollections.dylib in Frameworks */,
				F5C856821F4EE1E9001AED9B /* GStreamer.framework in Frameworks */,
				F5C856631F4D7328001AED9B /* ApplicationServices.framework in Frameworks */,
			);
			runOnlyForDeploymentPostprocessing = 0;
		};
/* End PBXFrameworksBuildPhase section */

/* Begin PBXGroup section */
		089C166AFE841209C02AAC07 /* iterator */ = {
			isa = PBXGroup;
			children = (
				22CF10220EE984600054F513 /* maxmspsdk.xcconfig */,
				08FB77ADFE841716C02AAC07 /* Source */,
				19C28FB4FE9D528D11CA2CBB /* Products */,
				F5C856501F4D62F6001AED9B /* Frameworks */,
			);
			name = iterator;
			sourceTree = "<group>";
		};
		08FB77ADFE841716C02AAC07 /* Source */ = {
			isa = PBXGroup;
			children = (
				F5B3AE6F1F2B63620007CB60 /* max.mymatrix.c */,
				F5B3AE6D1F2B60F00007CB60 /* mymatrix.c */,
				F5C8567D1F4EE09A001AED9B /* gsUtil.c */,
				F5C8567E1F4EE09A001AED9B /* gsUtil.h */,
				F5767CA91F545E8300CD291C /* tcpSendData.c */,
				F5767CAA1F545E8300CD291C /* tcpSendData.h */,
			);
			name = Source;
			sourceTree = "<group>";
		};
		19C28FB4FE9D528D11CA2CBB /* Products */ = {
			isa = PBXGroup;
			children = (
				2FBBEAE508F335360078DB84 /* jit.mymatrix.mxo */,
			);
			name = Products;
			sourceTree = "<group>";
		};
		F5C856501F4D62F6001AED9B /* Frameworks */ = {
			isa = PBXGroup;
			children = (
				F523A33A1F55B6650047DC91 /* libCollections.dylib */,
				F5C856811F4EE1E9001AED9B /* GStreamer.framework */,
				F5C856621F4D7328001AED9B /* ApplicationServices.framework */,
				F5C856511F4D62F6001AED9B /* libGraphics.dylib */,
			);
			name = Frameworks;
			sourceTree = "<group>";
		};
/* End PBXGroup section */

/* Begin PBXHeadersBuildPhase section */
		2FBBEAD708F335360078DB84 /* Headers */ = {
			isa = PBXHeadersBuildPhase;
			buildActionMask = 2147483647;
			files = (
				F5767CAC1F545E8300CD291C /* tcpSendData.h in Headers */,
				F5C856801F4EE09A001AED9B /* gsUtil.h in Headers */,
			);
			runOnlyForDeploymentPostprocessing = 0;
		};
/* End PBXHeadersBuildPhase section */

/* Begin PBXNativeTarget section */
		2FBBEAD608F335360078DB84 /* max-external */ = {
			isa = PBXNativeTarget;
			buildConfigurationList = 2FBBEAE008F335360078DB84 /* Build configuration list for PBXNativeTarget "max-external" */;
			buildPhases = (
				2FBBEAD708F335360078DB84 /* Headers */,
				2FBBEAD808F335360078DB84 /* Resources */,
				2FBBEADA08F335360078DB84 /* Sources */,
				2FBBEADC08F335360078DB84 /* Frameworks */,
				2FBBEADF08F335360078DB84 /* Rez */,
			);
			buildRules = (
			);
			dependencies = (
			);
			name = "max-external";
			productName = iterator;
			productReference = 2FBBEAE508F335360078DB84 /* jit.mymatrix.mxo */;
			productType = "com.apple.product-type.bundle";
		};
/* End PBXNativeTarget section */

/* Begin PBXProject section */
		089C1669FE841209C02AAC07 /* Project object */ = {
			isa = PBXProject;
			attributes = {
				LastUpgradeCheck = 0610;
			};
			buildConfigurationList = 2FBBEACF08F335010078DB84 /* Build configuration list for PBXProject "mymatrix" */;
			compatibilityVersion = "Xcode 3.2";
			developmentRegion = English;
			hasScannedForEncodings = 1;
			knownRegions = (
				English,
				Japanese,
				French,
				German,
			);
			mainGroup = 089C166AFE841209C02AAC07 /* iterator */;
			projectDirPath = "";
			projectRoot = "";
			targets = (
				2FBBEAD608F335360078DB84 /* max-external */,
			);
		};
/* End PBXProject section */

/* Begin PBXResourcesBuildPhase section */
		2FBBEAD808F335360078DB84 /* Resources */ = {
			isa = PBXResourcesBuildPhase;
			buildActionMask = 2147483647;
			files = (
			);
			runOnlyForDeploymentPostprocessing = 0;
		};
/* End PBXResourcesBuildPhase section */

/* Begin PBXRezBuildPhase section */
		2FBBEADF08F335360078DB84 /* Rez */ = {
			isa = PBXRezBuildPhase;
			buildActionMask = 2147483647;
			files = (
			);
			runOnlyForDeploymentPostprocessing = 0;
		};
/* End PBXRezBuildPhase section */

/* Begin PBXSourcesBuildPhase section */
		2FBBEADA08F335360078DB84 /* Sources */ = {
			isa = PBXSourcesBuildPhase;
			buildActionMask = 2147483647;
			files = (
				F5B3AE701F2B63620007CB60 /* max.mymatrix.c in Sources */,
				F5767CAB1F545E8300CD291C /* tcpSendData.c in Sources */,
				F5B3AE6E1F2B60F00007CB60 /* mymatrix.c in Sources */,
				F5C8567F1F4EE09A001AED9B /* gsUtil.c in Sources */,
			);
			runOnlyForDeploymentPostprocessing = 0;
		};
/* End PBXSourcesBuildPhase section */

/* Begin XCBuildConfiguration section */
		2FBBEAD008F335010078DB84 /* Development */ = {
			isa = XCBuildConfiguration;
			buildSettings = {
			};
			name = Development;
		};
		2FBBEAD108F335010078DB84 /* Deployment */ = {
			isa = XCBuildConfiguration;
			buildSettings = {
			};
			name = Deployment;
		};
		2FBBEAE108F335360078DB84 /* Development */ = {
			isa = XCBuildConfiguration;
			baseConfigurationReference = 22CF10220EE984600054F513 /* maxmspsdk.xcconfig */;
			buildSettings = {
				ARCHS = "$(ARCHS_STANDARD)";
				COMBINE_HIDPI_IMAGES = YES;
				COPY_PHASE_STRIP = NO;
				FRAMEWORK_SEARCH_PATHS = (
					"$(inherited)",
					"$(LOCAL_LIBRARY_DIR)/Frameworks",
				);
				GCC_OPTIMIZATION_LEVEL = 0;
				HEADER_SEARCH_PATHS = (
					"\"$(C74SUPPORT)/max-includes\"",
					"\"$(C74SUPPORT)/msp-includes\"",
					"\"$(C74SUPPORT)/jit-includes\"",
					/Library/Frameworks/GStreamer.framework/Headers,
					/Users/Ramin/LiveLing/Utilities/src/Collections,
				);
				LIBRARY_SEARCH_PATHS = (
					/Library/Frameworks/GStreamer.framework/Libraries,
					/Users/Ramin/LiveLing/Utilities/build/Debug,
				);
				PRODUCT_NAME = jit.mymatrix;
			};
			name = Development;
		};
		2FBBEAE208F335360078DB84 /* Deployment */ = {
			isa = XCBuildConfiguration;
			baseConfigurationReference = 22CF10220EE984600054F513 /* maxmspsdk.xcconfig */;
			buildSettings = {
				ARCHS = "$(ARCHS_STANDARD)";
				COMBINE_HIDPI_IMAGES = YES;
				COPY_PHASE_STRIP = YES;
				FRAMEWORK_SEARCH_PATHS = (
					"$(inherited)",
					"$(LOCAL_LIBRARY_DIR)/Frameworks",
				);
				HEADER_SEARCH_PATHS = (
					"\"$(C74SUPPORT)/max-includes\"",
					"\"$(C74SUPPORT)/msp-includes\"",
					"\"$(C74SUPPORT)/jit-includes\"",
					/Library/Frameworks/GStreamer.framework/Headers,
					/Users/Ramin/LiveLing/Utilities/src/Collections,
				);
				LIBRARY_SEARCH_PATHS = (
					/Library/Frameworks/GStreamer.framework/Libraries,
					/Users/Ramin/LiveLing/Utilities/build/Debug,
				);
				PRODUCT_NAME = jit.mymatrix;
			};
			name = Deployment;
		};
/* End XCBuildConfiguration section */

/* Begin XCConfigurationList section */
		2FBBEACF08F335010078DB84 /* Build configuration list for PBXProject "mymatrix" */ = {
			isa = XCConfigurationList;
			buildConfigurations = (
				2FBBEAD008F335010078DB84 /* Development */,
				2FBBEAD108F335010078DB84 /* Deployment */,
			);
			defaultConfigurationIsVisible = 0;
			defaultConfigurationName = Development;
		};
		2FBBEAE008F335360078DB84 /* Build configuration list for PBXNativeTarget "max-external" */ = {
			isa = XCConfigurationList;
			buildConfigurations = (
				2FBBEAE108F335360078DB84 /* Development */,
				2FBBEAE208F335360078DB84 /* Deployment */,
			);
			defaultConfigurationIsVisible = 0;
			defaultConfigurationName = Development;
		};
/* End XCConfigurationList section */
	};
	rootObject = 089C1669FE841209C02AAC07 /* Project object */;
}
