// !$*UTF8*$!
{
	archiveVersion = 1;
	classes = {
	};
	objectVersion = 46;
	objects = {

/* Begin PBXBuildFile section */
		F50C77791F41A99900607828 /* main.c in Sources */ = {isa = PBXBuildFile; fileRef = F50C77781F41A99900607828 /* main.c */; };
		F50C77811F41A9C300607828 /* ApplicationServices.framework in Frameworks */ = {isa = PBXBuildFile; fileRef = F50C77801F41A9C300607828 /* ApplicationServices.framework */; };
		F50C778B1F41DDED00607828 /* fastFifo.c in Sources */ = {isa = PBXBuildFile; fileRef = F50C77891F41DDED00607828 /* fastFifo.c */; };
/* End PBXBuildFile section */

/* Begin PBXCopyFilesBuildPhase section */
		F50C77731F41A99900607828 /* CopyFiles */ = {
			isa = PBXCopyFilesBuildPhase;
			buildActionMask = 2147483647;
			dstPath = /usr/share/man/man1/;
			dstSubfolderSpec = 0;
			files = (
			);
			runOnlyForDeploymentPostprocessing = 1;
		};
/* End PBXCopyFilesBuildPhase section */

/* Begin PBXFileReference section */
		F50C77751F41A99900607828 /* BmpGenerator */ = {isa = PBXFileReference; explicitFileType = "compiled.mach-o.executable"; includeInIndex = 0; path = BmpGenerator; sourceTree = BUILT_PRODUCTS_DIR; };
		F50C77781F41A99900607828 /* main.c */ = {isa = PBXFileReference; lastKnownFileType = sourcecode.c.c; path = main.c; sourceTree = "<group>"; };
		F50C77801F41A9C300607828 /* ApplicationServices.framework */ = {isa = PBXFileReference; lastKnownFileType = wrapper.framework; name = ApplicationServices.framework; path = System/Library/Frameworks/ApplicationServices.framework; sourceTree = SDKROOT; };
		F50C77891F41DDED00607828 /* fastFifo.c */ = {isa = PBXFileReference; fileEncoding = 4; lastKnownFileType = sourcecode.c.c; path = fastFifo.c; sourceTree = "<group>"; };
		F50C778A1F41DDED00607828 /* fastFifo.h */ = {isa = PBXFileReference; fileEncoding = 4; lastKnownFileType = sourcecode.c.h; path = fastFifo.h; sourceTree = "<group>"; };
/* End PBXFileReference section */

/* Begin PBXFrameworksBuildPhase section */
		F50C77721F41A99900607828 /* Frameworks */ = {
			isa = PBXFrameworksBuildPhase;
			buildActionMask = 2147483647;
			files = (
				F50C77811F41A9C300607828 /* ApplicationServices.framework in Frameworks */,
			);
			runOnlyForDeploymentPostprocessing = 0;
		};
/* End PBXFrameworksBuildPhase section */

/* Begin PBXGroup section */
		F50C776C1F41A99900607828 = {
			isa = PBXGroup;
			children = (
				F50C77771F41A99900607828 /* BmpGenerator */,
				F50C77761F41A99900607828 /* Products */,
				F50C777F1F41A9C300607828 /* Frameworks */,
			);
			sourceTree = "<group>";
		};
		F50C77761F41A99900607828 /* Products */ = {
			isa = PBXGroup;
			children = (
				F50C77751F41A99900607828 /* BmpGenerator */,
			);
			name = Products;
			sourceTree = "<group>";
		};
		F50C77771F41A99900607828 /* BmpGenerator */ = {
			isa = PBXGroup;
			children = (
				F50C77781F41A99900607828 /* main.c */,
				F50C77891F41DDED00607828 /* fastFifo.c */,
				F50C778A1F41DDED00607828 /* fastFifo.h */,
			);
			path = BmpGenerator;
			sourceTree = "<group>";
		};
		F50C777F1F41A9C300607828 /* Frameworks */ = {
			isa = PBXGroup;
			children = (
				F50C77801F41A9C300607828 /* ApplicationServices.framework */,
			);
			name = Frameworks;
			sourceTree = "<group>";
		};
/* End PBXGroup section */

/* Begin PBXNativeTarget section */
		F50C77741F41A99900607828 /* BmpGenerator */ = {
			isa = PBXNativeTarget;
			buildConfigurationList = F50C777C1F41A99900607828 /* Build configuration list for PBXNativeTarget "BmpGenerator" */;
			buildPhases = (
				F50C77711F41A99900607828 /* Sources */,
				F50C77721F41A99900607828 /* Frameworks */,
				F50C77731F41A99900607828 /* CopyFiles */,
			);
			buildRules = (
			);
			dependencies = (
			);
			name = BmpGenerator;
			productName = BmpGenerator;
			productReference = F50C77751F41A99900607828 /* BmpGenerator */;
			productType = "com.apple.product-type.tool";
		};
/* End PBXNativeTarget section */

/* Begin PBXProject section */
		F50C776D1F41A99900607828 /* Project object */ = {
			isa = PBXProject;
			attributes = {
				LastUpgradeCheck = 0830;
				ORGANIZATIONNAME = Ramin;
				TargetAttributes = {
					F50C77741F41A99900607828 = {
						CreatedOnToolsVersion = 8.3.2;
						ProvisioningStyle = Automatic;
					};
				};
			};
			buildConfigurationList = F50C77701F41A99900607828 /* Build configuration list for PBXProject "BmpGenerator" */;
			compatibilityVersion = "Xcode 3.2";
			developmentRegion = English;
			hasScannedForEncodings = 0;
			knownRegions = (
				en,
			);
			mainGroup = F50C776C1F41A99900607828;
			productRefGroup = F50C77761F41A99900607828 /* Products */;
			projectDirPath = "";
			projectRoot = "";
			targets = (
				F50C77741F41A99900607828 /* BmpGenerator */,
			);
		};
/* End PBXProject section */

/* Begin PBXSourcesBuildPhase section */
		F50C77711F41A99900607828 /* Sources */ = {
			isa = PBXSourcesBuildPhase;
			buildActionMask = 2147483647;
			files = (
				F50C77791F41A99900607828 /* main.c in Sources */,
				F50C778B1F41DDED00607828 /* fastFifo.c in Sources */,
			);
			runOnlyForDeploymentPostprocessing = 0;
		};
/* End PBXSourcesBuildPhase section */

/* Begin XCBuildConfiguration section */
		F50C777A1F41A99900607828 /* Debug */ = {
			isa = XCBuildConfiguration;
			buildSettings = {
				ALWAYS_SEARCH_USER_PATHS = NO;
				CLANG_ANALYZER_NONNULL = YES;
				CLANG_ANALYZER_NUMBER_OBJECT_CONVERSION = YES_AGGRESSIVE;
				CLANG_CXX_LANGUAGE_STANDARD = "gnu++0x";
				CLANG_CXX_LIBRARY = "libc++";
				CLANG_ENABLE_MODULES = YES;
				CLANG_ENABLE_OBJC_ARC = YES;
				CLANG_WARN_BOOL_CONVERSION = YES;
				CLANG_WARN_CONSTANT_CONVERSION = YES;
				CLANG_WARN_DIRECT_OBJC_ISA_USAGE = YES_ERROR;
				CLANG_WARN_DOCUMENTATION_COMMENTS = YES;
				CLANG_WARN_EMPTY_BODY = YES;
				CLANG_WARN_ENUM_CONVERSION = YES;
				CLANG_WARN_INFINITE_RECURSION = YES;
				CLANG_WARN_INT_CONVERSION = YES;
				CLANG_WARN_OBJC_ROOT_CLASS = YES_ERROR;
				CLANG_WARN_SUSPICIOUS_MOVE = YES;
				CLANG_WARN_UNREACHABLE_CODE = YES;
				CLANG_WARN__DUPLICATE_METHOD_MATCH = YES;
				CODE_SIGN_IDENTITY = "-";
				COPY_PHASE_STRIP = NO;
				DEBUG_INFORMATION_FORMAT = dwarf;
				ENABLE_STRICT_OBJC_MSGSEND = YES;
				ENABLE_TESTABILITY = YES;
				GCC_C_LANGUAGE_STANDARD = gnu99;
				GCC_DYNAMIC_NO_PIC = NO;
				GCC_NO_COMMON_BLOCKS = YES;
				GCC_OPTIMIZATION_LEVEL = 0;
				GCC_PREPROCESSOR_DEFINITIONS = (
					"DEBUG=1",
					"$(inherited)",
				);
				GCC_WARN_64_TO_32_BIT_CONVERSION = YES;
				GCC_WARN_ABOUT_RETURN_TYPE = YES_ERROR;
				GCC_WARN_UNDECLARED_SELECTOR = YES;
				GCC_WARN_UNINITIALIZED_AUTOS = YES_AGGRESSIVE;
				GCC_WARN_UNUSED_FUNCTION = YES;
				GCC_WARN_UNUSED_VARIABLE = YES;
				MACOSX_DEPLOYMENT_TARGET = 10.12;
				MTL_ENABLE_DEBUG_INFO = YES;
				ONLY_ACTIVE_ARCH = YES;
				SDKROOT = macosx;
			};
			name = Debug;
		};
		F50C777B1F41A99900607828 /* Release */ = {
			isa = XCBuildConfiguration;
			buildSettings = {
				ALWAYS_SEARCH_USER_PATHS = NO;
				CLANG_ANALYZER_NONNULL = YES;
				CLANG_ANALYZER_NUMBER_OBJECT_CONVERSION = YES_AGGRESSIVE;
				CLANG_CXX_LANGUAGE_STANDARD = "gnu++0x";
				CLANG_CXX_LIBRARY = "libc++";
				CLANG_ENABLE_MODULES = YES;
				CLANG_ENABLE_OBJC_ARC = YES;
				CLANG_WARN_BOOL_CONVERSION = YES;
				CLANG_WARN_CONSTANT_CONVERSION = YES;
				CLANG_WARN_DIRECT_OBJC_ISA_USAGE = YES_ERROR;
				CLANG_WARN_DOCUMENTATION_COMMENTS = YES;
				CLANG_WARN_EMPTY_BODY = YES;
				CLANG_WARN_ENUM_CONVERSION = YES;
				CLANG_WARN_INFINITE_RECURSION = YES;
				CLANG_WARN_INT_CONVERSION = YES;
				CLANG_WARN_OBJC_ROOT_CLASS = YES_ERROR;
				CLANG_WARN_SUSPICIOUS_MOVE = YES;
				CLANG_WARN_UNREACHABLE_CODE = YES;
				CLANG_WARN__DUPLICATE_METHOD_MATCH = YES;
				CODE_SIGN_IDENTITY = "-";
				COPY_PHASE_STRIP = NO;
				DEBUG_INFORMATION_FORMAT = "dwarf-with-dsym";
				ENABLE_NS_ASSERTIONS = NO;
				ENABLE_STRICT_OBJC_MSGSEND = YES;
				GCC_C_LANGUAGE_STANDARD = gnu99;
				GCC_NO_COMMON_BLOCKS = YES;
				GCC_WARN_64_TO_32_BIT_CONVERSION = YES;
				GCC_WARN_ABOUT_RETURN_TYPE = YES_ERROR;
				GCC_WARN_UNDECLARED_SELECTOR = YES;
				GCC_WARN_UNINITIALIZED_AUTOS = YES_AGGRESSIVE;
				GCC_WARN_UNUSED_FUNCTION = YES;
				GCC_WARN_UNUSED_VARIABLE = YES;
				MACOSX_DEPLOYMENT_TARGET = 10.12;
				MTL_ENABLE_DEBUG_INFO = NO;
				SDKROOT = macosx;
			};
			name = Release;
		};
		F50C777D1F41A99900607828 /* Debug */ = {
			isa = XCBuildConfiguration;
			buildSettings = {
				HEADER_SEARCH_PATHS = (
					/Library/Developer/CommandLineTools/SDKs/MacOSX.sdk/System/Library/Frameworks/CoreGraphics.framework/Headers,
					/Library/Developer/CommandLineTools/SDKs/MacOSX.sdk/System/Library/Frameworks/CoreServices.framework/Versions/Current/Frameworks/LaunchServices.framework/Versions/Current/Headers,
				);
				PRODUCT_NAME = "$(TARGET_NAME)";
			};
			name = Debug;
		};
		F50C777E1F41A99900607828 /* Release */ = {
			isa = XCBuildConfiguration;
			buildSettings = {
				HEADER_SEARCH_PATHS = (
					/Library/Developer/CommandLineTools/SDKs/MacOSX.sdk/System/Library/Frameworks/CoreGraphics.framework/Headers,
					/Library/Developer/CommandLineTools/SDKs/MacOSX.sdk/System/Library/Frameworks/CoreServices.framework/Versions/Current/Frameworks/LaunchServices.framework/Versions/Current/Headers,
				);
				PRODUCT_NAME = "$(TARGET_NAME)";
			};
			name = Release;
		};
/* End XCBuildConfiguration section */

/* Begin XCConfigurationList section */
		F50C77701F41A99900607828 /* Build configuration list for PBXProject "BmpGenerator" */ = {
			isa = XCConfigurationList;
			buildConfigurations = (
				F50C777A1F41A99900607828 /* Debug */,
				F50C777B1F41A99900607828 /* Release */,
			);
			defaultConfigurationIsVisible = 0;
			defaultConfigurationName = Release;
		};
		F50C777C1F41A99900607828 /* Build configuration list for PBXNativeTarget "BmpGenerator" */ = {
			isa = XCConfigurationList;
			buildConfigurations = (
				F50C777D1F41A99900607828 /* Debug */,
				F50C777E1F41A99900607828 /* Release */,
			);
			defaultConfigurationIsVisible = 0;
			defaultConfigurationName = Release;
		};
/* End XCConfigurationList section */
	};
	rootObject = F50C776D1F41A99900607828 /* Project object */;
}
